<?xml version="1.0" encoding="UTF-8"?>
<!DOCTYPE plist PUBLIC "-//Apple//DTD PLIST 1.0//EN" "http://www.apple.com/DTDs/PropertyList-1.0.dtd">
<plist version="1.0">
<dict>
	<key>archiveVersion</key>
	<string>1</string>
	<key>classes</key>
	<dict/>
	<key>objectVersion</key>
	<string>46</string>
	<key>objects</key>
	<dict>
		<key>651F5CB507C94264A1DB1881</key>
		<dict>
			<key>includeInIndex</key>
			<string>1</string>
			<key>isa</key>
			<string>PBXFileReference</string>
			<key>lastKnownFileType</key>
			<string>text.xcconfig</string>
			<key>name</key>
			<string>Pods.xcconfig</string>
			<key>path</key>
			<string>Pods/Pods.xcconfig</string>
			<key>sourceTree</key>
			<string>&lt;group&gt;</string>
		</dict>
		<key>820F16A8192321FA000D6DAB</key>
		<dict>
			<key>children</key>
			<array>
				<string>820F16BA192321FA000D6DAB</string>
				<string>820F16DC192321FA000D6DAB</string>
				<string>820F16B3192321FA000D6DAB</string>
				<string>820F16B2192321FA000D6DAB</string>
				<string>651F5CB507C94264A1DB1881</string>
			</array>
			<key>isa</key>
			<string>PBXGroup</string>
			<key>sourceTree</key>
			<string>&lt;group&gt;</string>
		</dict>
		<key>820F16A9192321FA000D6DAB</key>
		<dict>
			<key>attributes</key>
			<dict>
				<key>LastUpgradeCheck</key>
				<string>0510</string>
				<key>ORGANIZATIONNAME</key>
				<string>sasata299</string>
				<key>TargetAttributes</key>
				<dict>
					<key>820F16D4192321FA000D6DAB</key>
					<dict>
						<key>TestTargetID</key>
						<string>820F16B0192321FA000D6DAB</string>
					</dict>
				</dict>
			</dict>
			<key>buildConfigurationList</key>
			<string>820F16AC192321FA000D6DAB</string>
			<key>compatibilityVersion</key>
			<string>Xcode 3.2</string>
			<key>developmentRegion</key>
			<string>English</string>
			<key>hasScannedForEncodings</key>
			<string>0</string>
			<key>isa</key>
			<string>PBXProject</string>
			<key>knownRegions</key>
			<array>
				<string>en</string>
				<string>Base</string>
			</array>
			<key>mainGroup</key>
			<string>820F16A8192321FA000D6DAB</string>
			<key>productRefGroup</key>
			<string>820F16B2192321FA000D6DAB</string>
			<key>projectDirPath</key>
			<string></string>
			<key>projectReferences</key>
			<array/>
			<key>projectRoot</key>
			<string></string>
			<key>targets</key>
			<array>
				<string>820F16B0192321FA000D6DAB</string>
				<string>820F16D4192321FA000D6DAB</string>
			</array>
		</dict>
		<key>820F16AC192321FA000D6DAB</key>
		<dict>
			<key>buildConfigurations</key>
			<array>
				<string>820F16E4192321FA000D6DAB</string>
				<string>820F16E5192321FA000D6DAB</string>
			</array>
			<key>defaultConfigurationIsVisible</key>
			<string>0</string>
			<key>defaultConfigurationName</key>
			<string>Release</string>
			<key>isa</key>
			<string>XCConfigurationList</string>
		</dict>
		<key>820F16AD192321FA000D6DAB</key>
		<dict>
			<key>buildActionMask</key>
			<string>2147483647</string>
			<key>files</key>
			<array>
				<string>820F16CE192321FA000D6DAB</string>
				<string>820F16EE192322EA000D6DAB</string>
				<string>820F16C5192321FA000D6DAB</string>
				<string>820F16CB192321FA000D6DAB</string>
				<string>820F16C1192321FA000D6DAB</string>
			</array>
			<key>isa</key>
			<string>PBXSourcesBuildPhase</string>
			<key>runOnlyForDeploymentPostprocessing</key>
			<string>0</string>
		</dict>
		<key>820F16AE192321FA000D6DAB</key>
		<dict>
			<key>buildActionMask</key>
			<string>2147483647</string>
			<key>files</key>
			<array>
				<string>820F16B7192321FA000D6DAB</string>
				<string>820F16B9192321FA000D6DAB</string>
				<string>820F16B5192321FA000D6DAB</string>
				<string>A54F2809EC2F4FC7A5A842C5</string>
			</array>
			<key>isa</key>
			<string>PBXFrameworksBuildPhase</string>
			<key>runOnlyForDeploymentPostprocessing</key>
			<string>0</string>
		</dict>
		<key>820F16AF192321FA000D6DAB</key>
		<dict>
			<key>buildActionMask</key>
			<string>2147483647</string>
			<key>files</key>
			<array>
				<string>820F16D0192321FA000D6DAB</string>
				<string>820F16BF192321FA000D6DAB</string>
				<string>820F16C8192321FA000D6DAB</string>
			</array>
			<key>isa</key>
			<string>PBXResourcesBuildPhase</string>
			<key>runOnlyForDeploymentPostprocessing</key>
			<string>0</string>
		</dict>
		<key>820F16B0192321FA000D6DAB</key>
		<dict>
			<key>buildConfigurationList</key>
			<string>820F16E6192321FA000D6DAB</string>
			<key>buildPhases</key>
			<array>
				<string>8C0CA53848B749E3A1489A82</string>
				<string>820F16AD192321FA000D6DAB</string>
				<string>820F16AE192321FA000D6DAB</string>
				<string>820F16AF192321FA000D6DAB</string>
				<string>9CA513E57CE64D4090338707</string>
			</array>
			<key>buildRules</key>
			<array/>
			<key>dependencies</key>
			<array/>
			<key>isa</key>
			<string>PBXNativeTarget</string>
			<key>name</key>
			<string>qiita-client</string>
			<key>productName</key>
			<string>qiita-client</string>
			<key>productReference</key>
			<string>820F16B1192321FA000D6DAB</string>
			<key>productType</key>
			<string>com.apple.product-type.application</string>
		</dict>
		<key>820F16B1192321FA000D6DAB</key>
		<dict>
			<key>explicitFileType</key>
			<string>wrapper.application</string>
			<key>includeInIndex</key>
			<string>0</string>
			<key>isa</key>
			<string>PBXFileReference</string>
			<key>path</key>
			<string>qiita-client.app</string>
			<key>sourceTree</key>
			<string>BUILT_PRODUCTS_DIR</string>
		</dict>
		<key>820F16B2192321FA000D6DAB</key>
		<dict>
			<key>children</key>
			<array>
				<string>820F16B1192321FA000D6DAB</string>
				<string>820F16D5192321FA000D6DAB</string>
			</array>
			<key>isa</key>
			<string>PBXGroup</string>
			<key>name</key>
			<string>Products</string>
			<key>sourceTree</key>
			<string>&lt;group&gt;</string>
		</dict>
		<key>820F16B3192321FA000D6DAB</key>
		<dict>
			<key>children</key>
			<array>
				<string>820F16B4192321FA000D6DAB</string>
				<string>820F16B6192321FA000D6DAB</string>
				<string>820F16B8192321FA000D6DAB</string>
				<string>820F16D6192321FA000D6DAB</string>
				<string>C501C629D5E24E3EAC4F4520</string>
			</array>
			<key>isa</key>
			<string>PBXGroup</string>
			<key>name</key>
			<string>Frameworks</string>
			<key>sourceTree</key>
			<string>&lt;group&gt;</string>
		</dict>
		<key>820F16B4192321FA000D6DAB</key>
		<dict>
			<key>isa</key>
			<string>PBXFileReference</string>
			<key>lastKnownFileType</key>
			<string>wrapper.framework</string>
			<key>name</key>
			<string>Foundation.framework</string>
			<key>path</key>
			<string>System/Library/Frameworks/Foundation.framework</string>
			<key>sourceTree</key>
			<string>SDKROOT</string>
		</dict>
		<key>820F16B5192321FA000D6DAB</key>
		<dict>
			<key>fileRef</key>
			<string>820F16B4192321FA000D6DAB</string>
			<key>isa</key>
			<string>PBXBuildFile</string>
		</dict>
		<key>820F16B6192321FA000D6DAB</key>
		<dict>
			<key>isa</key>
			<string>PBXFileReference</string>
			<key>lastKnownFileType</key>
			<string>wrapper.framework</string>
			<key>name</key>
			<string>CoreGraphics.framework</string>
			<key>path</key>
			<string>System/Library/Frameworks/CoreGraphics.framework</string>
			<key>sourceTree</key>
			<string>SDKROOT</string>
		</dict>
		<key>820F16B7192321FA000D6DAB</key>
		<dict>
			<key>fileRef</key>
			<string>820F16B6192321FA000D6DAB</string>
			<key>isa</key>
			<string>PBXBuildFile</string>
		</dict>
		<key>820F16B8192321FA000D6DAB</key>
		<dict>
			<key>isa</key>
			<string>PBXFileReference</string>
			<key>lastKnownFileType</key>
			<string>wrapper.framework</string>
			<key>name</key>
			<string>UIKit.framework</string>
			<key>path</key>
			<string>System/Library/Frameworks/UIKit.framework</string>
			<key>sourceTree</key>
			<string>SDKROOT</string>
		</dict>
		<key>820F16B9192321FA000D6DAB</key>
		<dict>
			<key>fileRef</key>
			<string>820F16B8192321FA000D6DAB</string>
			<key>isa</key>
			<string>PBXBuildFile</string>
		</dict>
		<key>820F16BA192321FA000D6DAB</key>
		<dict>
			<key>children</key>
			<array>
				<string>820F16C3192321FA000D6DAB</string>
				<string>820F16C4192321FA000D6DAB</string>
				<string>820F16C6192321FA000D6DAB</string>
				<string>820F16C9192321FA000D6DAB</string>
				<string>820F16CA192321FA000D6DAB</string>
				<string>820F16CC192321FA000D6DAB</string>
				<string>820F16CD192321FA000D6DAB</string>
				<string>820F16EC192322EA000D6DAB</string>
				<string>820F16ED192322EA000D6DAB</string>
				<string>820F16CF192321FA000D6DAB</string>
				<string>820F16BB192321FA000D6DAB</string>
			</array>
			<key>isa</key>
			<string>PBXGroup</string>
			<key>path</key>
			<string>qiita-client</string>
			<key>sourceTree</key>
			<string>&lt;group&gt;</string>
		</dict>
		<key>820F16BB192321FA000D6DAB</key>
		<dict>
			<key>children</key>
			<array>
				<string>820F16BC192321FA000D6DAB</string>
				<string>820F16BD192321FA000D6DAB</string>
				<string>820F16C0192321FA000D6DAB</string>
				<string>820F16C2192321FA000D6DAB</string>
			</array>
			<key>isa</key>
			<string>PBXGroup</string>
			<key>name</key>
			<string>Supporting Files</string>
			<key>sourceTree</key>
			<string>&lt;group&gt;</string>
		</dict>
		<key>820F16BC192321FA000D6DAB</key>
		<dict>
			<key>isa</key>
			<string>PBXFileReference</string>
			<key>lastKnownFileType</key>
			<string>text.plist.xml</string>
			<key>path</key>
			<string>qiita-client-Info.plist</string>
			<key>sourceTree</key>
			<string>&lt;group&gt;</string>
		</dict>
		<key>820F16BD192321FA000D6DAB</key>
		<dict>
			<key>children</key>
			<array>
				<string>820F16BE192321FA000D6DAB</string>
			</array>
			<key>isa</key>
			<string>PBXVariantGroup</string>
			<key>name</key>
			<string>InfoPlist.strings</string>
			<key>sourceTree</key>
			<string>&lt;group&gt;</string>
		</dict>
		<key>820F16BE192321FA000D6DAB</key>
		<dict>
			<key>isa</key>
			<string>PBXFileReference</string>
			<key>lastKnownFileType</key>
			<string>text.plist.strings</string>
			<key>name</key>
			<string>en</string>
			<key>path</key>
			<string>en.lproj/InfoPlist.strings</string>
			<key>sourceTree</key>
			<string>&lt;group&gt;</string>
		</dict>
		<key>820F16BF192321FA000D6DAB</key>
		<dict>
			<key>fileRef</key>
			<string>820F16BD192321FA000D6DAB</string>
			<key>isa</key>
			<string>PBXBuildFile</string>
		</dict>
		<key>820F16C0192321FA000D6DAB</key>
		<dict>
			<key>isa</key>
			<string>PBXFileReference</string>
			<key>lastKnownFileType</key>
			<string>sourcecode.c.objc</string>
			<key>path</key>
			<string>main.m</string>
			<key>sourceTree</key>
			<string>&lt;group&gt;</string>
		</dict>
		<key>820F16C1192321FA000D6DAB</key>
		<dict>
			<key>fileRef</key>
			<string>820F16C0192321FA000D6DAB</string>
			<key>isa</key>
			<string>PBXBuildFile</string>
		</dict>
		<key>820F16C2192321FA000D6DAB</key>
		<dict>
			<key>isa</key>
			<string>PBXFileReference</string>
			<key>lastKnownFileType</key>
			<string>sourcecode.c.h</string>
			<key>path</key>
			<string>qiita-client-Prefix.pch</string>
			<key>sourceTree</key>
			<string>&lt;group&gt;</string>
		</dict>
		<key>820F16C3192321FA000D6DAB</key>
		<dict>
			<key>isa</key>
			<string>PBXFileReference</string>
			<key>lastKnownFileType</key>
			<string>sourcecode.c.h</string>
			<key>path</key>
			<string>AppDelegate.h</string>
			<key>sourceTree</key>
			<string>&lt;group&gt;</string>
		</dict>
		<key>820F16C4192321FA000D6DAB</key>
		<dict>
			<key>isa</key>
			<string>PBXFileReference</string>
			<key>lastKnownFileType</key>
			<string>sourcecode.c.objc</string>
			<key>path</key>
			<string>AppDelegate.m</string>
			<key>sourceTree</key>
			<string>&lt;group&gt;</string>
		</dict>
		<key>820F16C5192321FA000D6DAB</key>
		<dict>
			<key>fileRef</key>
			<string>820F16C4192321FA000D6DAB</string>
			<key>isa</key>
			<string>PBXBuildFile</string>
		</dict>
		<key>820F16C6192321FA000D6DAB</key>
		<dict>
			<key>children</key>
			<array>
				<string>820F16C7192321FA000D6DAB</string>
			</array>
			<key>isa</key>
			<string>PBXVariantGroup</string>
			<key>name</key>
			<string>Main.storyboard</string>
			<key>sourceTree</key>
			<string>&lt;group&gt;</string>
		</dict>
		<key>820F16C7192321FA000D6DAB</key>
		<dict>
			<key>isa</key>
			<string>PBXFileReference</string>
			<key>lastKnownFileType</key>
			<string>file.storyboard</string>
			<key>name</key>
			<string>Base</string>
			<key>path</key>
			<string>Base.lproj/Main.storyboard</string>
			<key>sourceTree</key>
			<string>&lt;group&gt;</string>
		</dict>
		<key>820F16C8192321FA000D6DAB</key>
		<dict>
			<key>fileRef</key>
			<string>820F16C6192321FA000D6DAB</string>
			<key>isa</key>
			<string>PBXBuildFile</string>
		</dict>
		<key>820F16C9192321FA000D6DAB</key>
		<dict>
			<key>isa</key>
			<string>PBXFileReference</string>
			<key>lastKnownFileType</key>
			<string>sourcecode.c.h</string>
			<key>path</key>
			<string>FirstViewController.h</string>
			<key>sourceTree</key>
			<string>&lt;group&gt;</string>
		</dict>
		<key>820F16CA192321FA000D6DAB</key>
		<dict>
			<key>isa</key>
			<string>PBXFileReference</string>
			<key>lastKnownFileType</key>
			<string>sourcecode.c.objc</string>
			<key>path</key>
			<string>FirstViewController.m</string>
			<key>sourceTree</key>
			<string>&lt;group&gt;</string>
		</dict>
		<key>820F16CB192321FA000D6DAB</key>
		<dict>
			<key>fileRef</key>
			<string>820F16CA192321FA000D6DAB</string>
			<key>isa</key>
			<string>PBXBuildFile</string>
		</dict>
		<key>820F16CC192321FA000D6DAB</key>
		<dict>
			<key>isa</key>
			<string>PBXFileReference</string>
			<key>lastKnownFileType</key>
			<string>sourcecode.c.h</string>
			<key>path</key>
			<string>SecondViewController.h</string>
			<key>sourceTree</key>
			<string>&lt;group&gt;</string>
		</dict>
		<key>820F16CD192321FA000D6DAB</key>
		<dict>
			<key>isa</key>
			<string>PBXFileReference</string>
			<key>lastKnownFileType</key>
			<string>sourcecode.c.objc</string>
			<key>path</key>
			<string>SecondViewController.m</string>
			<key>sourceTree</key>
			<string>&lt;group&gt;</string>
		</dict>
		<key>820F16CE192321FA000D6DAB</key>
		<dict>
			<key>fileRef</key>
			<string>820F16CD192321FA000D6DAB</string>
			<key>isa</key>
			<string>PBXBuildFile</string>
		</dict>
		<key>820F16CF192321FA000D6DAB</key>
		<dict>
			<key>isa</key>
			<string>PBXFileReference</string>
			<key>lastKnownFileType</key>
			<string>folder.assetcatalog</string>
			<key>path</key>
			<string>Images.xcassets</string>
			<key>sourceTree</key>
			<string>&lt;group&gt;</string>
		</dict>
		<key>820F16D0192321FA000D6DAB</key>
		<dict>
			<key>fileRef</key>
			<string>820F16CF192321FA000D6DAB</string>
			<key>isa</key>
			<string>PBXBuildFile</string>
		</dict>
		<key>820F16D1192321FA000D6DAB</key>
		<dict>
			<key>buildActionMask</key>
			<string>2147483647</string>
			<key>files</key>
			<array>
				<string>820F16E3192321FA000D6DAB</string>
			</array>
			<key>isa</key>
			<string>PBXSourcesBuildPhase</string>
			<key>runOnlyForDeploymentPostprocessing</key>
			<string>0</string>
		</dict>
		<key>820F16D2192321FA000D6DAB</key>
		<dict>
			<key>buildActionMask</key>
			<string>2147483647</string>
			<key>files</key>
			<array>
				<string>820F16D7192321FA000D6DAB</string>
				<string>820F16D9192321FA000D6DAB</string>
				<string>820F16D8192321FA000D6DAB</string>
			</array>
			<key>isa</key>
			<string>PBXFrameworksBuildPhase</string>
			<key>runOnlyForDeploymentPostprocessing</key>
			<string>0</string>
		</dict>
		<key>820F16D3192321FA000D6DAB</key>
		<dict>
			<key>buildActionMask</key>
			<string>2147483647</string>
			<key>files</key>
			<array>
				<string>820F16E1192321FA000D6DAB</string>
			</array>
			<key>isa</key>
			<string>PBXResourcesBuildPhase</string>
			<key>runOnlyForDeploymentPostprocessing</key>
			<string>0</string>
		</dict>
		<key>820F16D4192321FA000D6DAB</key>
		<dict>
			<key>buildConfigurationList</key>
			<string>820F16E9192321FA000D6DAB</string>
			<key>buildPhases</key>
			<array>
				<string>820F16D1192321FA000D6DAB</string>
				<string>820F16D2192321FA000D6DAB</string>
				<string>820F16D3192321FA000D6DAB</string>
			</array>
			<key>buildRules</key>
			<array/>
			<key>dependencies</key>
			<array>
				<string>820F16DB192321FA000D6DAB</string>
			</array>
			<key>isa</key>
			<string>PBXNativeTarget</string>
			<key>name</key>
			<string>qiita-clientTests</string>
			<key>productName</key>
			<string>qiita-clientTests</string>
			<key>productReference</key>
			<string>820F16D5192321FA000D6DAB</string>
			<key>productType</key>
			<string>com.apple.product-type.bundle.unit-test</string>
		</dict>
		<key>820F16D5192321FA000D6DAB</key>
		<dict>
			<key>explicitFileType</key>
			<string>wrapper.cfbundle</string>
			<key>includeInIndex</key>
			<string>0</string>
			<key>isa</key>
			<string>PBXFileReference</string>
			<key>path</key>
			<string>qiita-clientTests.xctest</string>
			<key>sourceTree</key>
			<string>BUILT_PRODUCTS_DIR</string>
		</dict>
		<key>820F16D6192321FA000D6DAB</key>
		<dict>
			<key>isa</key>
			<string>PBXFileReference</string>
			<key>lastKnownFileType</key>
			<string>wrapper.framework</string>
			<key>name</key>
			<string>XCTest.framework</string>
			<key>path</key>
			<string>Library/Frameworks/XCTest.framework</string>
			<key>sourceTree</key>
			<string>DEVELOPER_DIR</string>
		</dict>
		<key>820F16D7192321FA000D6DAB</key>
		<dict>
			<key>fileRef</key>
			<string>820F16D6192321FA000D6DAB</string>
			<key>isa</key>
			<string>PBXBuildFile</string>
		</dict>
		<key>820F16D8192321FA000D6DAB</key>
		<dict>
			<key>fileRef</key>
			<string>820F16B4192321FA000D6DAB</string>
			<key>isa</key>
			<string>PBXBuildFile</string>
		</dict>
		<key>820F16D9192321FA000D6DAB</key>
		<dict>
			<key>fileRef</key>
			<string>820F16B8192321FA000D6DAB</string>
			<key>isa</key>
			<string>PBXBuildFile</string>
		</dict>
		<key>820F16DA192321FA000D6DAB</key>
		<dict>
			<key>containerPortal</key>
			<string>820F16A9192321FA000D6DAB</string>
			<key>isa</key>
			<string>PBXContainerItemProxy</string>
			<key>proxyType</key>
			<string>1</string>
			<key>remoteGlobalIDString</key>
			<string>820F16B0192321FA000D6DAB</string>
			<key>remoteInfo</key>
			<string>qiita-client</string>
		</dict>
		<key>820F16DB192321FA000D6DAB</key>
		<dict>
			<key>isa</key>
			<string>PBXTargetDependency</string>
			<key>target</key>
			<string>820F16B0192321FA000D6DAB</string>
			<key>targetProxy</key>
			<string>820F16DA192321FA000D6DAB</string>
		</dict>
		<key>820F16DC192321FA000D6DAB</key>
		<dict>
			<key>children</key>
			<array>
				<string>820F16E2192321FA000D6DAB</string>
				<string>820F16DD192321FA000D6DAB</string>
			</array>
			<key>isa</key>
			<string>PBXGroup</string>
			<key>path</key>
			<string>qiita-clientTests</string>
			<key>sourceTree</key>
			<string>&lt;group&gt;</string>
		</dict>
		<key>820F16DD192321FA000D6DAB</key>
		<dict>
			<key>children</key>
			<array>
				<string>820F16DE192321FA000D6DAB</string>
				<string>820F16DF192321FA000D6DAB</string>
			</array>
			<key>isa</key>
			<string>PBXGroup</string>
			<key>name</key>
			<string>Supporting Files</string>
			<key>sourceTree</key>
			<string>&lt;group&gt;</string>
		</dict>
		<key>820F16DE192321FA000D6DAB</key>
		<dict>
			<key>isa</key>
			<string>PBXFileReference</string>
			<key>lastKnownFileType</key>
			<string>text.plist.xml</string>
			<key>path</key>
			<string>qiita-clientTests-Info.plist</string>
			<key>sourceTree</key>
			<string>&lt;group&gt;</string>
		</dict>
		<key>820F16DF192321FA000D6DAB</key>
		<dict>
			<key>children</key>
			<array>
				<string>820F16E0192321FA000D6DAB</string>
			</array>
			<key>isa</key>
			<string>PBXVariantGroup</string>
			<key>name</key>
			<string>InfoPlist.strings</string>
			<key>sourceTree</key>
			<string>&lt;group&gt;</string>
		</dict>
		<key>820F16E0192321FA000D6DAB</key>
		<dict>
			<key>isa</key>
			<string>PBXFileReference</string>
			<key>lastKnownFileType</key>
			<string>text.plist.strings</string>
			<key>name</key>
			<string>en</string>
			<key>path</key>
			<string>en.lproj/InfoPlist.strings</string>
			<key>sourceTree</key>
			<string>&lt;group&gt;</string>
		</dict>
		<key>820F16E1192321FA000D6DAB</key>
		<dict>
			<key>fileRef</key>
			<string>820F16DF192321FA000D6DAB</string>
			<key>isa</key>
			<string>PBXBuildFile</string>
		</dict>
		<key>820F16E2192321FA000D6DAB</key>
		<dict>
			<key>isa</key>
			<string>PBXFileReference</string>
			<key>lastKnownFileType</key>
			<string>sourcecode.c.objc</string>
			<key>path</key>
			<string>qiita_clientTests.m</string>
			<key>sourceTree</key>
			<string>&lt;group&gt;</string>
		</dict>
		<key>820F16E3192321FA000D6DAB</key>
		<dict>
			<key>fileRef</key>
			<string>820F16E2192321FA000D6DAB</string>
			<key>isa</key>
			<string>PBXBuildFile</string>
		</dict>
		<key>820F16E4192321FA000D6DAB</key>
		<dict>
			<key>buildSettings</key>
			<dict>
				<key>ALWAYS_SEARCH_USER_PATHS</key>
				<string>NO</string>
				<key>CLANG_CXX_LANGUAGE_STANDARD</key>
				<string>gnu++0x</string>
				<key>CLANG_CXX_LIBRARY</key>
				<string>libc++</string>
				<key>CLANG_ENABLE_MODULES</key>
				<string>YES</string>
				<key>CLANG_ENABLE_OBJC_ARC</key>
				<string>YES</string>
				<key>CLANG_WARN_BOOL_CONVERSION</key>
				<string>YES</string>
				<key>CLANG_WARN_CONSTANT_CONVERSION</key>
				<string>YES</string>
				<key>CLANG_WARN_DIRECT_OBJC_ISA_USAGE</key>
				<string>YES_ERROR</string>
				<key>CLANG_WARN_EMPTY_BODY</key>
				<string>YES</string>
				<key>CLANG_WARN_ENUM_CONVERSION</key>
				<string>YES</string>
				<key>CLANG_WARN_INT_CONVERSION</key>
				<string>YES</string>
				<key>CLANG_WARN_OBJC_ROOT_CLASS</key>
				<string>YES_ERROR</string>
				<key>CLANG_WARN__DUPLICATE_METHOD_MATCH</key>
				<string>YES</string>
				<key>CODE_SIGN_IDENTITY[sdk=iphoneos*]</key>
				<string>iPhone Developer</string>
				<key>COPY_PHASE_STRIP</key>
				<string>NO</string>
				<key>GCC_C_LANGUAGE_STANDARD</key>
				<string>gnu99</string>
				<key>GCC_DYNAMIC_NO_PIC</key>
				<string>NO</string>
				<key>GCC_OPTIMIZATION_LEVEL</key>
				<string>0</string>
				<key>GCC_PREPROCESSOR_DEFINITIONS</key>
				<array>
					<string>DEBUG=1</string>
					<string>$(inherited)</string>
				</array>
				<key>GCC_SYMBOLS_PRIVATE_EXTERN</key>
				<string>NO</string>
				<key>GCC_WARN_64_TO_32_BIT_CONVERSION</key>
				<string>YES</string>
				<key>GCC_WARN_ABOUT_RETURN_TYPE</key>
				<string>YES_ERROR</string>
				<key>GCC_WARN_UNDECLARED_SELECTOR</key>
				<string>YES</string>
				<key>GCC_WARN_UNINITIALIZED_AUTOS</key>
				<string>YES_AGGRESSIVE</string>
				<key>GCC_WARN_UNUSED_FUNCTION</key>
				<string>YES</string>
				<key>GCC_WARN_UNUSED_VARIABLE</key>
				<string>YES</string>
				<key>IPHONEOS_DEPLOYMENT_TARGET</key>
				<string>7.1</string>
				<key>ONLY_ACTIVE_ARCH</key>
				<string>YES</string>
				<key>SDKROOT</key>
				<string>iphoneos</string>
			</dict>
			<key>isa</key>
			<string>XCBuildConfiguration</string>
			<key>name</key>
			<string>Debug</string>
		</dict>
		<key>820F16E5192321FA000D6DAB</key>
		<dict>
			<key>buildSettings</key>
			<dict>
				<key>ALWAYS_SEARCH_USER_PATHS</key>
				<string>NO</string>
				<key>CLANG_CXX_LANGUAGE_STANDARD</key>
				<string>gnu++0x</string>
				<key>CLANG_CXX_LIBRARY</key>
				<string>libc++</string>
				<key>CLANG_ENABLE_MODULES</key>
				<string>YES</string>
				<key>CLANG_ENABLE_OBJC_ARC</key>
				<string>YES</string>
				<key>CLANG_WARN_BOOL_CONVERSION</key>
				<string>YES</string>
				<key>CLANG_WARN_CONSTANT_CONVERSION</key>
				<string>YES</string>
				<key>CLANG_WARN_DIRECT_OBJC_ISA_USAGE</key>
				<string>YES_ERROR</string>
				<key>CLANG_WARN_EMPTY_BODY</key>
				<string>YES</string>
				<key>CLANG_WARN_ENUM_CONVERSION</key>
				<string>YES</string>
				<key>CLANG_WARN_INT_CONVERSION</key>
				<string>YES</string>
				<key>CLANG_WARN_OBJC_ROOT_CLASS</key>
				<string>YES_ERROR</string>
				<key>CLANG_WARN__DUPLICATE_METHOD_MATCH</key>
				<string>YES</string>
				<key>CODE_SIGN_IDENTITY[sdk=iphoneos*]</key>
				<string>iPhone Developer</string>
				<key>COPY_PHASE_STRIP</key>
				<string>YES</string>
				<key>ENABLE_NS_ASSERTIONS</key>
				<string>NO</string>
				<key>GCC_C_LANGUAGE_STANDARD</key>
				<string>gnu99</string>
				<key>GCC_WARN_64_TO_32_BIT_CONVERSION</key>
				<string>YES</string>
				<key>GCC_WARN_ABOUT_RETURN_TYPE</key>
				<string>YES_ERROR</string>
				<key>GCC_WARN_UNDECLARED_SELECTOR</key>
				<string>YES</string>
				<key>GCC_WARN_UNINITIALIZED_AUTOS</key>
				<string>YES_AGGRESSIVE</string>
				<key>GCC_WARN_UNUSED_FUNCTION</key>
				<string>YES</string>
				<key>GCC_WARN_UNUSED_VARIABLE</key>
				<string>YES</string>
				<key>IPHONEOS_DEPLOYMENT_TARGET</key>
				<string>7.1</string>
				<key>SDKROOT</key>
				<string>iphoneos</string>
				<key>VALIDATE_PRODUCT</key>
				<string>YES</string>
			</dict>
			<key>isa</key>
			<string>XCBuildConfiguration</string>
			<key>name</key>
			<string>Release</string>
		</dict>
		<key>820F16E6192321FA000D6DAB</key>
		<dict>
			<key>buildConfigurations</key>
			<array>
				<string>820F16E7192321FA000D6DAB</string>
				<string>820F16E8192321FA000D6DAB</string>
			</array>
			<key>defaultConfigurationIsVisible</key>
			<string>0</string>
			<key>isa</key>
			<string>XCConfigurationList</string>
		</dict>
		<key>820F16E7192321FA000D6DAB</key>
		<dict>
			<key>baseConfigurationReference</key>
			<string>651F5CB507C94264A1DB1881</string>
			<key>buildSettings</key>
			<dict>
				<key>ASSETCATALOG_COMPILER_APPICON_NAME</key>
				<string>AppIcon</string>
				<key>ASSETCATALOG_COMPILER_LAUNCHIMAGE_NAME</key>
				<string>LaunchImage</string>
				<key>GCC_PRECOMPILE_PREFIX_HEADER</key>
				<string>YES</string>
				<key>GCC_PREFIX_HEADER</key>
				<string>qiita-client/qiita-client-Prefix.pch</string>
				<key>INFOPLIST_FILE</key>
				<string>qiita-client/qiita-client-Info.plist</string>
				<key>PRODUCT_NAME</key>
				<string>$(TARGET_NAME)</string>
				<key>WRAPPER_EXTENSION</key>
				<string>app</string>
			</dict>
			<key>isa</key>
			<string>XCBuildConfiguration</string>
			<key>name</key>
			<string>Debug</string>
		</dict>
		<key>820F16E8192321FA000D6DAB</key>
		<dict>
			<key>baseConfigurationReference</key>
			<string>651F5CB507C94264A1DB1881</string>
			<key>buildSettings</key>
			<dict>
				<key>ASSETCATALOG_COMPILER_APPICON_NAME</key>
				<string>AppIcon</string>
				<key>ASSETCATALOG_COMPILER_LAUNCHIMAGE_NAME</key>
				<string>LaunchImage</string>
				<key>GCC_PRECOMPILE_PREFIX_HEADER</key>
				<string>YES</string>
				<key>GCC_PREFIX_HEADER</key>
				<string>qiita-client/qiita-client-Prefix.pch</string>
				<key>INFOPLIST_FILE</key>
				<string>qiita-client/qiita-client-Info.plist</string>
				<key>PRODUCT_NAME</key>
				<string>$(TARGET_NAME)</string>
				<key>WRAPPER_EXTENSION</key>
				<string>app</string>
			</dict>
			<key>isa</key>
			<string>XCBuildConfiguration</string>
			<key>name</key>
			<string>Release</string>
		</dict>
		<key>820F16E9192321FA000D6DAB</key>
		<dict>
			<key>buildConfigurations</key>
			<array>
				<string>820F16EA192321FA000D6DAB</string>
				<string>820F16EB192321FA000D6DAB</string>
			</array>
			<key>defaultConfigurationIsVisible</key>
			<string>0</string>
			<key>isa</key>
			<string>XCConfigurationList</string>
		</dict>
		<key>820F16EA192321FA000D6DAB</key>
		<dict>
			<key>buildSettings</key>
			<dict>
				<key>BUNDLE_LOADER</key>
				<string>$(BUILT_PRODUCTS_DIR)/qiita-client.app/qiita-client</string>
				<key>FRAMEWORK_SEARCH_PATHS</key>
				<array>
					<string>$(SDKROOT)/Developer/Library/Frameworks</string>
					<string>$(inherited)</string>
					<string>$(DEVELOPER_FRAMEWORKS_DIR)</string>
				</array>
				<key>GCC_PRECOMPILE_PREFIX_HEADER</key>
				<string>YES</string>
				<key>GCC_PREFIX_HEADER</key>
				<string>qiita-client/qiita-client-Prefix.pch</string>
				<key>GCC_PREPROCESSOR_DEFINITIONS</key>
				<array>
					<string>DEBUG=1</string>
					<string>$(inherited)</string>
				</array>
				<key>INFOPLIST_FILE</key>
				<string>qiita-clientTests/qiita-clientTests-Info.plist</string>
				<key>PRODUCT_NAME</key>
				<string>$(TARGET_NAME)</string>
				<key>TEST_HOST</key>
				<string>$(BUNDLE_LOADER)</string>
				<key>WRAPPER_EXTENSION</key>
				<string>xctest</string>
			</dict>
			<key>isa</key>
			<string>XCBuildConfiguration</string>
			<key>name</key>
			<string>Debug</string>
		</dict>
		<key>820F16EB192321FA000D6DAB</key>
		<dict>
			<key>buildSettings</key>
			<dict>
				<key>BUNDLE_LOADER</key>
				<string>$(BUILT_PRODUCTS_DIR)/qiita-client.app/qiita-client</string>
				<key>FRAMEWORK_SEARCH_PATHS</key>
				<array>
					<string>$(SDKROOT)/Developer/Library/Frameworks</string>
					<string>$(inherited)</string>
					<string>$(DEVELOPER_FRAMEWORKS_DIR)</string>
				</array>
				<key>GCC_PRECOMPILE_PREFIX_HEADER</key>
				<string>YES</string>
				<key>GCC_PREFIX_HEADER</key>
				<string>qiita-client/qiita-client-Prefix.pch</string>
				<key>INFOPLIST_FILE</key>
				<string>qiita-clientTests/qiita-clientTests-Info.plist</string>
				<key>PRODUCT_NAME</key>
				<string>$(TARGET_NAME)</string>
				<key>TEST_HOST</key>
				<string>$(BUNDLE_LOADER)</string>
				<key>WRAPPER_EXTENSION</key>
				<string>xctest</string>
			</dict>
			<key>isa</key>
			<string>XCBuildConfiguration</string>
			<key>name</key>
			<string>Release</string>
		</dict>
		<key>820F16EC192322EA000D6DAB</key>
		<dict>
			<key>fileEncoding</key>
			<string>4</string>
			<key>isa</key>
			<string>PBXFileReference</string>
			<key>lastKnownFileType</key>
			<string>sourcecode.c.h</string>
			<key>path</key>
			<string>QiitaTableViewController.h</string>
			<key>sourceTree</key>
			<string>&lt;group&gt;</string>
		</dict>
		<key>820F16ED192322EA000D6DAB</key>
		<dict>
			<key>fileEncoding</key>
			<string>4</string>
			<key>isa</key>
			<string>PBXFileReference</string>
			<key>lastKnownFileType</key>
			<string>sourcecode.c.objc</string>
			<key>path</key>
			<string>QiitaTableViewController.m</string>
			<key>sourceTree</key>
			<string>&lt;group&gt;</string>
		</dict>
		<key>820F16EE192322EA000D6DAB</key>
		<dict>
			<key>fileRef</key>
			<string>820F16ED192322EA000D6DAB</string>
			<key>isa</key>
			<string>PBXBuildFile</string>
		</dict>
		<key>8C0CA53848B749E3A1489A82</key>
		<dict>
			<key>buildActionMask</key>
			<string>2147483647</string>
			<key>files</key>
			<array/>
			<key>inputPaths</key>
			<array/>
			<key>isa</key>
			<string>PBXShellScriptBuildPhase</string>
			<key>name</key>
			<string>Check Pods Manifest.lock</string>
			<key>outputPaths</key>
			<array/>
			<key>runOnlyForDeploymentPostprocessing</key>
			<string>0</string>
			<key>shellPath</key>
			<string>/bin/sh</string>
			<key>shellScript</key>
			<string>diff "${PODS_ROOT}/../Podfile.lock" "${PODS_ROOT}/Manifest.lock" &gt; /dev/null
if [[ $? != 0 ]] ; then
    cat &lt;&lt; EOM
error: The sandbox is not in sync with the Podfile.lock. Run 'pod install' or update your CocoaPods installation.
EOM
    exit 1
fi
</string>
			<key>showEnvVarsInLog</key>
			<string>0</string>
		</dict>
		<key>9CA513E57CE64D4090338707</key>
		<dict>
			<key>buildActionMask</key>
			<string>2147483647</string>
			<key>files</key>
			<array/>
			<key>inputPaths</key>
			<array/>
			<key>isa</key>
			<string>PBXShellScriptBuildPhase</string>
			<key>name</key>
			<string>Copy Pods Resources</string>
			<key>outputPaths</key>
			<array/>
			<key>runOnlyForDeploymentPostprocessing</key>
			<string>0</string>
			<key>shellPath</key>
			<string>/bin/sh</string>
			<key>shellScript</key>
			<string>"${SRCROOT}/Pods/Pods-resources.sh"
</string>
			<key>showEnvVarsInLog</key>
			<string>0</string>
		</dict>
		<key>A54F2809EC2F4FC7A5A842C5</key>
		<dict>
			<key>fileRef</key>
			<string>C501C629D5E24E3EAC4F4520</string>
			<key>isa</key>
			<string>PBXBuildFile</string>
		</dict>
		<key>C501C629D5E24E3EAC4F4520</key>
		<dict>
			<key>explicitFileType</key>
			<string>archive.ar</string>
			<key>includeInIndex</key>
			<string>0</string>
			<key>isa</key>
			<string>PBXFileReference</string>
			<key>path</key>
			<string>libPods.a</string>
			<key>sourceTree</key>
			<string>BUILT_PRODUCTS_DIR</string>
		</dict>
	</dict>
	<key>rootObject</key>
	<string>820F16A9192321FA000D6DAB</string>
</dict>
</plist>
